
Microsoft Visual Studio Solution File, Format Version 12.00
# Visual Studio Version 17
VisualStudioVersion = 17.2.32616.157
MinimumVisualStudioVersion = 10.0.40219.1
Project("{FAE04EC0-301F-11D3-BF4B-00C04F79EFBC}") = "invoice", "invoice\invoice.csproj", "{ED9875CC-2D6F-48A8-B1A4-A85953E48CDD}"
EndProject
Global
	GlobalSection(SolutionConfigurationPlatforms) = preSolution
		Debug|Any CPU = Debug|Any CPU
		Release|Any CPU = Release|Any CPU
	EndGlobalSection
	GlobalSection(ProjectConfigurationPlatforms) = postSolution
		{ED9875CC-2D6F-48A8-B1A4-A85953E48CDD}.Debug|Any CPU.ActiveCfg = Debug|Any CPU
		{ED9875CC-2D6F-48A8-B1A4-A85953E48CDD}.Debug|Any CPU.Build.0 = Debug|Any CPU
		{ED9875CC-2D6F-48A8-B1A4-A85953E48CDD}.Release|Any CPU.ActiveCfg = Release|Any CPU
		{ED9875CC-2D6F-48A8-B1A4-A85953E48CDD}.Release|Any CPU.Build.0 = Release|Any CPU
	EndGlobalSection
	GlobalSection(SolutionProperties) = preSolution
		HideSolutionNode = FALSE
	EndGlobalSection
	GlobalSection(ExtensibilityGlobals) = postSolution
		SolutionGuid = {65F1FBB3-9B3D-4190-941E-33E7732FAB45}
	EndGlobalSection
EndGlobal
